PODS:
  - Alamofire (4.9.1)
  - Kingfisher (5.14.1):
    - Kingfisher/Core (= 5.14.1)
  - Kingfisher/Core (5.14.1)
  - R.swift (5.2.2):
    - R.swift.Library (~> 5.2.0)
  - R.swift.Library (5.2.0)
  - SwiftLint (0.39.2)
  - SwiftyJSON (5.0.0)
  - VRGSoftSwiftIOSKit (2.0.0):
    - Alamofire (~> 4.8)

DEPENDENCIES:
  - Kingfisher
  - R.swift
  - SwiftLint
  - SwiftyJSON
  - VRGSoftSwiftIOSKit

SPEC REPOS:
  trunk:
    - Alamofire
    - Kingfisher
    - R.swift
    - R.swift.Library
    - SwiftLint
    - SwiftyJSON
    - VRGSoftSwiftIOSKit

SPEC CHECKSUMS:
  Alamofire: 85e8a02c69d6020a0d734f6054870d7ecb75cf18
  Kingfisher: 8050bc6f7f68cbf3908bd04df7ccbac188f6d6d6
  R.swift: 7c52cdc57a66840ffe6cbd8a823d732059d42a32
  R.swift.Library: 5ba4f1631300caf9a4d890186930da85d540769d
  SwiftLint: 22ccbbe3b8008684be5955693bab135e0ed6a447
  SwiftyJSON: 36413e04c44ee145039d332b4f4e2d3e8d6c4db7
  VRGSoftSwiftIOSKit: fa1e230548e14e5a9b81e8696fb4219a01baddb0

PODFILE CHECKSUM: 8f83f8083d7f4a3f257ac9ad7094179f8e40157d

COCOAPODS: 1.9.1
